# This file is automatically @generated by Poetry and should not be changed by hand.

[[package]]
name = "appdirs"
version = "1.4.4"
description = "A small Python module for determining appropriate platform-specific dirs, e.g. a \"user data dir\"."
category = "main"
optional = false
python-versions = "*"
files = [
    {file = "appdirs-1.4.4-py2.py3-none-any.whl", hash = "sha256:a841dacd6b99318a741b166adb07e19ee71a274450e68237b4650ca1055ab128"},
    {file = "appdirs-1.4.4.tar.gz", hash = "sha256:7d5d0167b2b1ba821647616af46a749d1c653740dd0d2415100fe26e27afdf41"},
]

[[package]]
name = "argparse"
version = "1.4.0"
description = "Python command-line parsing library"
category = "main"
optional = false
python-versions = "*"
files = [
    {file = "argparse-1.4.0-py2.py3-none-any.whl", hash = "sha256:c31647edb69fd3d465a847ea3157d37bed1f95f19760b11a47aa91c04b666314"},
    {file = "argparse-1.4.0.tar.gz", hash = "sha256:62b089a55be1d8949cd2bc7e0df0bddb9e028faefc8c32038cc84862aefdd6e4"},
]

[[package]]
name = "importlib-metadata"
version = "6.0.0"
description = "Read metadata from Python packages"
category = "main"
optional = false
python-versions = ">=3.7"
files = [
    {file = "importlib_metadata-6.0.0-py3-none-any.whl", hash = "sha256:7efb448ec9a5e313a57655d35aa54cd3e01b7e1fbcf72dce1bf06119420f5bad"},
    {file = "importlib_metadata-6.0.0.tar.gz", hash = "sha256:e354bedeb60efa6affdcc8ae121b73544a7aa74156d047311948f6d711cd378d"},
]

[package.dependencies]
zipp = ">=0.5"

[package.extras]
docs = ["furo", "jaraco.packaging (>=9)", "jaraco.tidelift (>=1.4)", "rst.linker (>=1.9)", "sphinx (>=3.5)", "sphinx-lint"]
perf = ["ipython"]
testing = ["flake8 (<5)", "flufl.flake8", "importlib-resources (>=1.3)", "packaging", "pyfakefs", "pytest (>=6)", "pytest-black (>=0.3.7)", "pytest-checkdocs (>=2.4)", "pytest-cov", "pytest-enabler (>=1.3)", "pytest-flake8", "pytest-mypy (>=0.9.1)", "pytest-perf (>=0.9.2)"]

[[package]]
name = "importlib-resources"
version = "5.10.2"
description = "Read resources from Python packages"
category = "main"
optional = false
python-versions = ">=3.7"
files = [
    {file = "importlib_resources-5.10.2-py3-none-any.whl", hash = "sha256:7d543798b0beca10b6a01ac7cafda9f822c54db9e8376a6bf57e0cbd74d486b6"},
    {file = "importlib_resources-5.10.2.tar.gz", hash = "sha256:e4a96c8cc0339647ff9a5e0550d9f276fc5a01ffa276012b58ec108cfd7b8484"},
]

[package.extras]
docs = ["furo", "jaraco.packaging (>=9)", "jaraco.tidelift (>=1.4)", "rst.linker (>=1.9)", "sphinx (>=3.5)", "sphinx-lint"]
testing = ["flake8 (<5)", "pytest (>=6)", "pytest-black (>=0.3.7)", "pytest-checkdocs (>=2.4)", "pytest-cov", "pytest-enabler (>=1.3)", "pytest-flake8", "pytest-mypy (>=0.9.1)"]

[[package]]
name = "libusb"
version = "1.0.26b5"
description = "Python binding for the libusb C library."
category = "main"
optional = false
python-versions = "<4.0.0,>=3.7.0"
files = [
    {file = "libusb-1.0.26b5-py3-none-any.whl", hash = "sha256:96700b35ee4b3c64759ad207f0fe0e8df77346b3c3c4afe50fff5ac6e5b89507"},
    {file = "libusb-1.0.26b5.zip", hash = "sha256:ed3968ce956a444b0298cdaf831028a62f6c1ade69129d19d1377e0efe9f1299"},
]

[package.dependencies]
pkg-about = ">=1.0.7"
setuptools = ">=63.2.0"

[package.extras]
doc = ["Sphinx (>=4.5.0)", "docutils (>=0.14,<0.19)", "nbsphinx (>=0.8.9)", "restructuredtext-lint (>=1.4.0)", "sphinx-copybutton (>=0.5.0)", "sphinx-tabs (>=3.4.1)", "sphinxcontrib-spelling (>=7.6.0)"]
test = ["deepdiff (>=5.8.1)"]

[[package]]
name = "lxml"
version = "4.9.2"
description = "Powerful and Pythonic XML processing library combining libxml2/libxslt with the ElementTree API."
category = "main"
optional = false
python-versions = ">=2.7, !=3.0.*, !=3.1.*, !=3.2.*, !=3.3.*, != 3.4.*"
files = [
    {file = "lxml-4.9.2-cp27-cp27m-macosx_10_15_x86_64.whl", hash = "sha256:76cf573e5a365e790396a5cc2b909812633409306c6531a6877c59061e42c4f2"},
    {file = "lxml-4.9.2-cp27-cp27m-manylinux_2_5_i686.manylinux1_i686.whl", hash = "sha256:b1f42b6921d0e81b1bcb5e395bc091a70f41c4d4e55ba99c6da2b31626c44892"},
    {file = "lxml-4.9.2-cp27-cp27m-manylinux_2_5_x86_64.manylinux1_x86_64.whl", hash = "sha256:9f102706d0ca011de571de32c3247c6476b55bb6bc65a20f682f000b07a4852a"},
    {file = "lxml-4.9.2-cp27-cp27m-win32.whl", hash = "sha256:8d0b4612b66ff5d62d03bcaa043bb018f74dfea51184e53f067e6fdcba4bd8de"},
    {file = "lxml-4.9.2-cp27-cp27m-win_amd64.whl", hash = "sha256:4c8f293f14abc8fd3e8e01c5bd86e6ed0b6ef71936ded5bf10fe7a5efefbaca3"},
    {file = "lxml-4.9.2-cp27-cp27mu-manylinux_2_5_i686.manylinux1_i686.whl", hash = "sha256:2899456259589aa38bfb018c364d6ae7b53c5c22d8e27d0ec7609c2a1ff78b50"},
    {file = "lxml-4.9.2-cp27-cp27mu-manylinux_2_5_x86_64.manylinux1_x86_64.whl", hash = "sha256:6749649eecd6a9871cae297bffa4ee76f90b4504a2a2ab528d9ebe912b101975"},
    {file = "lxml-4.9.2-cp310-cp310-macosx_10_15_x86_64.whl", hash = "sha256:a08cff61517ee26cb56f1e949cca38caabe9ea9fbb4b1e10a805dc39844b7d5c"},
    {file = "lxml-4.9.2-cp310-cp310-manylinux_2_12_i686.manylinux2010_i686.manylinux_2_24_i686.whl", hash = "sha256:85cabf64adec449132e55616e7ca3e1000ab449d1d0f9d7f83146ed5bdcb6d8a"},
    {file = "lxml-4.9.2-cp310-cp310-manylinux_2_17_aarch64.manylinux2014_aarch64.manylinux_2_24_aarch64.whl", hash = "sha256:8340225bd5e7a701c0fa98284c849c9b9fc9238abf53a0ebd90900f25d39a4e4"},
    {file = "lxml-4.9.2-cp310-cp310-manylinux_2_17_x86_64.manylinux2014_x86_64.manylinux_2_24_x86_64.whl", hash = "sha256:1ab8f1f932e8f82355e75dda5413a57612c6ea448069d4fb2e217e9a4bed13d4"},
    {file = "lxml-4.9.2-cp310-cp310-musllinux_1_1_aarch64.whl", hash = "sha256:699a9af7dffaf67deeae27b2112aa06b41c370d5e7633e0ee0aea2e0b6c211f7"},
    {file = "lxml-4.9.2-cp310-cp310-musllinux_1_1_x86_64.whl", hash = "sha256:b9cc34af337a97d470040f99ba4282f6e6bac88407d021688a5d585e44a23184"},
    {file = "lxml-4.9.2-cp310-cp310-win32.whl", hash = "sha256:d02a5399126a53492415d4906ab0ad0375a5456cc05c3fc0fc4ca11771745cda"},
    {file = "lxml-4.9.2-cp310-cp310-win_amd64.whl", hash = "sha256:a38486985ca49cfa574a507e7a2215c0c780fd1778bb6290c21193b7211702ab"},
    {file = "lxml-4.9.2-cp311-cp311-manylinux_2_12_i686.manylinux2010_i686.manylinux_2_24_i686.whl", hash = "sha256:c83203addf554215463b59f6399835201999b5e48019dc17f182ed5ad87205c9"},
    {file = "lxml-4.9.2-cp311-cp311-manylinux_2_17_aarch64.manylinux2014_aarch64.manylinux_2_24_aarch64.whl", hash = "sha256:2a87fa548561d2f4643c99cd13131acb607ddabb70682dcf1dff5f71f781a4bf"},
    {file = "lxml-4.9.2-cp311-cp311-manylinux_2_17_x86_64.manylinux2014_x86_64.manylinux_2_24_x86_64.whl", hash = "sha256:d6b430a9938a5a5d85fc107d852262ddcd48602c120e3dbb02137c83d212b380"},
    {file = "lxml-4.9.2-cp311-cp311-musllinux_1_1_aarch64.whl", hash = "sha256:3efea981d956a6f7173b4659849f55081867cf897e719f57383698af6f618a92"},
    {file = "lxml-4.9.2-cp311-cp311-musllinux_1_1_x86_64.whl", hash = "sha256:df0623dcf9668ad0445e0558a21211d4e9a149ea8f5666917c8eeec515f0a6d1"},
    {file = "lxml-4.9.2-cp311-cp311-win32.whl", hash = "sha256:da248f93f0418a9e9d94b0080d7ebc407a9a5e6d0b57bb30db9b5cc28de1ad33"},
    {file = "lxml-4.9.2-cp311-cp311-win_amd64.whl", hash = "sha256:3818b8e2c4b5148567e1b09ce739006acfaa44ce3156f8cbbc11062994b8e8dd"},
    {file = "lxml-4.9.2-cp35-cp35m-manylinux_2_5_i686.manylinux1_i686.whl", hash = "sha256:ca989b91cf3a3ba28930a9fc1e9aeafc2a395448641df1f387a2d394638943b0"},
    {file = "lxml-4.9.2-cp35-cp35m-manylinux_2_5_x86_64.manylinux1_x86_64.whl", hash = "sha256:822068f85e12a6e292803e112ab876bc03ed1f03dddb80154c395f891ca6b31e"},
    {file = "lxml-4.9.2-cp35-cp35m-win32.whl", hash = "sha256:be7292c55101e22f2a3d4d8913944cbea71eea90792bf914add27454a13905df"},
    {file = "lxml-4.9.2-cp35-cp35m-win_amd64.whl", hash = "sha256:998c7c41910666d2976928c38ea96a70d1aa43be6fe502f21a651e17483a43c5"},
    {file = "lxml-4.9.2-cp36-cp36m-macosx_10_15_x86_64.whl", hash = "sha256:b26a29f0b7fc6f0897f043ca366142d2b609dc60756ee6e4e90b5f762c6adc53"},
    {file = "lxml-4.9.2-cp36-cp36m-manylinux_2_12_i686.manylinux2010_i686.manylinux_2_24_i686.whl", hash = "sha256:ab323679b8b3030000f2be63e22cdeea5b47ee0abd2d6a1dc0c8103ddaa56cd7"},
    {file = "lxml-4.9.2-cp36-cp36m-manylinux_2_17_aarch64.manylinux2014_aarch64.whl", hash = "sha256:689bb688a1db722485e4610a503e3e9210dcc20c520b45ac8f7533c837be76fe"},
    {file = "lxml-4.9.2-cp36-cp36m-manylinux_2_17_x86_64.manylinux2014_x86_64.manylinux_2_24_x86_64.whl", hash = "sha256:f49e52d174375a7def9915c9f06ec4e569d235ad428f70751765f48d5926678c"},
    {file = "lxml-4.9.2-cp36-cp36m-manylinux_2_5_i686.manylinux1_i686.whl", hash = "sha256:36c3c175d34652a35475a73762b545f4527aec044910a651d2bf50de9c3352b1"},
    {file = "lxml-4.9.2-cp36-cp36m-manylinux_2_5_x86_64.manylinux1_x86_64.whl", hash = "sha256:a35f8b7fa99f90dd2f5dc5a9fa12332642f087a7641289ca6c40d6e1a2637d8e"},
    {file = "lxml-4.9.2-cp36-cp36m-musllinux_1_1_aarch64.whl", hash = "sha256:58bfa3aa19ca4c0f28c5dde0ff56c520fbac6f0daf4fac66ed4c8d2fb7f22e74"},
    {file = "lxml-4.9.2-cp36-cp36m-musllinux_1_1_x86_64.whl", hash = "sha256:bc718cd47b765e790eecb74d044cc8d37d58562f6c314ee9484df26276d36a38"},
    {file = "lxml-4.9.2-cp36-cp36m-win32.whl", hash = "sha256:d5bf6545cd27aaa8a13033ce56354ed9e25ab0e4ac3b5392b763d8d04b08e0c5"},
    {file = "lxml-4.9.2-cp36-cp36m-win_amd64.whl", hash = "sha256:3ab9fa9d6dc2a7f29d7affdf3edebf6ece6fb28a6d80b14c3b2fb9d39b9322c3"},
    {file = "lxml-4.9.2-cp37-cp37m-macosx_10_15_x86_64.whl", hash = "sha256:05ca3f6abf5cf78fe053da9b1166e062ade3fa5d4f92b4ed688127ea7d7b1d03"},
    {file = "lxml-4.9.2-cp37-cp37m-manylinux_2_12_i686.manylinux2010_i686.manylinux_2_24_i686.whl", hash = "sha256:a5da296eb617d18e497bcf0a5c528f5d3b18dadb3619fbdadf4ed2356ef8d941"},
    {file = "lxml-4.9.2-cp37-cp37m-manylinux_2_17_aarch64.manylinux2014_aarch64.manylinux_2_24_aarch64.whl", hash = "sha256:04876580c050a8c5341d706dd464ff04fd597095cc8c023252566a8826505726"},
    {file = "lxml-4.9.2-cp37-cp37m-manylinux_2_17_x86_64.manylinux2014_x86_64.manylinux_2_24_x86_64.whl", hash = "sha256:c9ec3eaf616d67db0764b3bb983962b4f385a1f08304fd30c7283954e6a7869b"},
    {file = "lxml-4.9.2-cp37-cp37m-manylinux_2_5_i686.manylinux1_i686.whl", hash = "sha256:2a29ba94d065945944016b6b74e538bdb1751a1db6ffb80c9d3c2e40d6fa9894"},
    {file = "lxml-4.9.2-cp37-cp37m-manylinux_2_5_x86_64.manylinux1_x86_64.whl", hash = "sha256:a82d05da00a58b8e4c0008edbc8a4b6ec5a4bc1e2ee0fb6ed157cf634ed7fa45"},
    {file = "lxml-4.9.2-cp37-cp37m-musllinux_1_1_aarch64.whl", hash = "sha256:223f4232855ade399bd409331e6ca70fb5578efef22cf4069a6090acc0f53c0e"},
    {file = "lxml-4.9.2-cp37-cp37m-musllinux_1_1_x86_64.whl", hash = "sha256:d17bc7c2ccf49c478c5bdd447594e82692c74222698cfc9b5daae7ae7e90743b"},
    {file = "lxml-4.9.2-cp37-cp37m-win32.whl", hash = "sha256:b64d891da92e232c36976c80ed7ebb383e3f148489796d8d31a5b6a677825efe"},
    {file = "lxml-4.9.2-cp37-cp37m-win_amd64.whl", hash = "sha256:a0a336d6d3e8b234a3aae3c674873d8f0e720b76bc1d9416866c41cd9500ffb9"},
    {file = "lxml-4.9.2-cp38-cp38-macosx_10_15_x86_64.whl", hash = "sha256:da4dd7c9c50c059aba52b3524f84d7de956f7fef88f0bafcf4ad7dde94a064e8"},
    {file = "lxml-4.9.2-cp38-cp38-manylinux_2_12_i686.manylinux2010_i686.manylinux_2_24_i686.whl", hash = "sha256:821b7f59b99551c69c85a6039c65b75f5683bdc63270fec660f75da67469ca24"},
    {file = "lxml-4.9.2-cp38-cp38-manylinux_2_17_aarch64.manylinux2014_aarch64.manylinux_2_24_aarch64.whl", hash = "sha256:e5168986b90a8d1f2f9dc1b841467c74221bd752537b99761a93d2d981e04889"},
    {file = "lxml-4.9.2-cp38-cp38-manylinux_2_17_x86_64.manylinux2014_x86_64.manylinux_2_24_x86_64.whl", hash = "sha256:8e20cb5a47247e383cf4ff523205060991021233ebd6f924bca927fcf25cf86f"},
    {file = "lxml-4.9.2-cp38-cp38-manylinux_2_5_i686.manylinux1_i686.whl", hash = "sha256:13598ecfbd2e86ea7ae45ec28a2a54fb87ee9b9fdb0f6d343297d8e548392c03"},
    {file = "lxml-4.9.2-cp38-cp38-manylinux_2_5_x86_64.manylinux1_x86_64.whl", hash = "sha256:880bbbcbe2fca64e2f4d8e04db47bcdf504936fa2b33933efd945e1b429bea8c"},
    {file = "lxml-4.9.2-cp38-cp38-musllinux_1_1_aarch64.whl", hash = "sha256:7d2278d59425777cfcb19735018d897ca8303abe67cc735f9f97177ceff8027f"},
    {file = "lxml-4.9.2-cp38-cp38-musllinux_1_1_x86_64.whl", hash = "sha256:5344a43228767f53a9df6e5b253f8cdca7dfc7b7aeae52551958192f56d98457"},
    {file = "lxml-4.9.2-cp38-cp38-win32.whl", hash = "sha256:925073b2fe14ab9b87e73f9a5fde6ce6392da430f3004d8b72cc86f746f5163b"},
    {file = "lxml-4.9.2-cp38-cp38-win_amd64.whl", hash = "sha256:9b22c5c66f67ae00c0199f6055705bc3eb3fcb08d03d2ec4059a2b1b25ed48d7"},
    {file = "lxml-4.9.2-cp39-cp39-macosx_10_15_x86_64.whl", hash = "sha256:5f50a1c177e2fa3ee0667a5ab79fdc6b23086bc8b589d90b93b4bd17eb0e64d1"},
    {file = "lxml-4.9.2-cp39-cp39-manylinux_2_12_i686.manylinux2010_i686.manylinux_2_24_i686.whl", hash = "sha256:090c6543d3696cbe15b4ac6e175e576bcc3f1ccfbba970061b7300b0c15a2140"},
    {file = "lxml-4.9.2-cp39-cp39-manylinux_2_17_aarch64.manylinux2014_aarch64.manylinux_2_24_aarch64.whl", hash = "sha256:63da2ccc0857c311d764e7d3d90f429c252e83b52d1f8f1d1fe55be26827d1f4"},
    {file = "lxml-4.9.2-cp39-cp39-manylinux_2_17_x86_64.manylinux2014_x86_64.manylinux_2_24_x86_64.whl", hash = "sha256:5b4545b8a40478183ac06c073e81a5ce4cf01bf1734962577cf2bb569a5b3bbf"},
    {file = "lxml-4.9.2-cp39-cp39-manylinux_2_5_i686.manylinux1_i686.whl", hash = "sha256:2e430cd2824f05f2d4f687701144556646bae8f249fd60aa1e4c768ba7018947"},
    {file = "lxml-4.9.2-cp39-cp39-manylinux_2_5_x86_64.manylinux1_x86_64.whl", hash = "sha256:6804daeb7ef69e7b36f76caddb85cccd63d0c56dedb47555d2fc969e2af6a1a5"},
    {file = "lxml-4.9.2-cp39-cp39-musllinux_1_1_aarch64.whl", hash = "sha256:a6e441a86553c310258aca15d1c05903aaf4965b23f3bc2d55f200804e005ee5"},
    {file = "lxml-4.9.2-cp39-cp39-musllinux_1_1_x86_64.whl", hash = "sha256:ca34efc80a29351897e18888c71c6aca4a359247c87e0b1c7ada14f0ab0c0fb2"},
    {file = "lxml-4.9.2-cp39-cp39-win32.whl", hash = "sha256:6b418afe5df18233fc6b6093deb82a32895b6bb0b1155c2cdb05203f583053f1"},
    {file = "lxml-4.9.2-cp39-cp39-win_amd64.whl", hash = "sha256:f1496ea22ca2c830cbcbd473de8f114a320da308438ae65abad6bab7867fe38f"},
    {file = "lxml-4.9.2-pp37-pypy37_pp73-manylinux_2_12_i686.manylinux2010_i686.manylinux_2_24_i686.whl", hash = "sha256:b264171e3143d842ded311b7dccd46ff9ef34247129ff5bf5066123c55c2431c"},
    {file = "lxml-4.9.2-pp37-pypy37_pp73-manylinux_2_17_x86_64.manylinux2014_x86_64.manylinux_2_24_x86_64.whl", hash = "sha256:0dc313ef231edf866912e9d8f5a042ddab56c752619e92dfd3a2c277e6a7299a"},
    {file = "lxml-4.9.2-pp38-pypy38_pp73-macosx_10_15_x86_64.whl", hash = "sha256:16efd54337136e8cd72fb9485c368d91d77a47ee2d42b057564aae201257d419"},
    {file = "lxml-4.9.2-pp38-pypy38_pp73-manylinux_2_12_i686.manylinux2010_i686.manylinux_2_24_i686.whl", hash = "sha256:0f2b1e0d79180f344ff9f321327b005ca043a50ece8713de61d1cb383fb8ac05"},
    {file = "lxml-4.9.2-pp38-pypy38_pp73-manylinux_2_17_x86_64.manylinux2014_x86_64.manylinux_2_24_x86_64.whl", hash = "sha256:7b770ed79542ed52c519119473898198761d78beb24b107acf3ad65deae61f1f"},
    {file = "lxml-4.9.2-pp38-pypy38_pp73-win_amd64.whl", hash = "sha256:efa29c2fe6b4fdd32e8ef81c1528506895eca86e1d8c4657fda04c9b3786ddf9"},
    {file = "lxml-4.9.2-pp39-pypy39_pp73-macosx_10_15_x86_64.whl", hash = "sha256:7e91ee82f4199af8c43d8158024cbdff3d931df350252288f0d4ce656df7f3b5"},
    {file = "lxml-4.9.2-pp39-pypy39_pp73-manylinux_2_12_i686.manylinux2010_i686.manylinux_2_24_i686.whl", hash = "sha256:b23e19989c355ca854276178a0463951a653309fb8e57ce674497f2d9f208746"},
    {file = "lxml-4.9.2-pp39-pypy39_pp73-manylinux_2_17_x86_64.manylinux2014_x86_64.manylinux_2_24_x86_64.whl", hash = "sha256:01d36c05f4afb8f7c20fd9ed5badca32a2029b93b1750f571ccc0b142531caf7"},
    {file = "lxml-4.9.2-pp39-pypy39_pp73-win_amd64.whl", hash = "sha256:7b515674acfdcadb0eb5d00d8a709868173acece5cb0be3dd165950cbfdf5409"},
    {file = "lxml-4.9.2.tar.gz", hash = "sha256:2455cfaeb7ac70338b3257f41e21f0724f4b5b0c0e7702da67ee6c3640835b67"},
]

[package.extras]
cssselect = ["cssselect (>=0.7)"]
html5 = ["html5lib"]
htmlsoup = ["BeautifulSoup4"]
source = ["Cython (>=0.29.7)"]

[[package]]
name = "packaging"
version = "23.0"
description = "Core utilities for Python packages"
category = "main"
optional = false
python-versions = ">=3.7"
files = [
    {file = "packaging-23.0-py3-none-any.whl", hash = "sha256:714ac14496c3e68c99c29b00845f7a2b85f3bb6f1078fd9f72fd20f0570002b2"},
    {file = "packaging-23.0.tar.gz", hash = "sha256:b6ad297f8907de0fa2fe1ccbd26fdaf387f5f47c7275fedf8cce89f99446cf97"},
]

[[package]]
name = "pkg-about"
version = "1.0.8"
description = "Shares Python package metadata at runtime."
category = "main"
optional = false
python-versions = "<4.0.0,>=3.7.0"
files = [
    {file = "pkg_about-1.0.8-py3-none-any.whl", hash = "sha256:43cd82d509b1eca5ad6607fcc031d12043e22799189535ce42a522734ef15ed4"},
    {file = "pkg_about-1.0.8.zip", hash = "sha256:99be375db2b2a608a56a05cb5b7de43fcc17c62a0db1f2ed97a0049ce2355a50"},
]

[package.dependencies]
importlib-metadata = ">=4.12.0"
importlib-resources = ">=5.7.1"
packaging = ">=21.3.0"
setuptools = ">=63.2.0"
tomli = ">=2.0.1"

[package.extras]
doc = ["Sphinx (>=4.5.0)", "docutils (>=0.14,<0.19)", "nbsphinx (>=0.8.9)", "restructuredtext-lint (>=1.4.0)", "sphinx-copybutton (>=0.5.0)", "sphinx-tabs (>=3.4.1)", "sphinxcontrib-spelling (>=7.6.0)"]
test = ["deepdiff (>=5.8.1)"]

[[package]]
name = "py"
version = "1.11.0"
description = "library with cross-python path, ini-parsing, io, code, log facilities"
category = "main"
optional = false
python-versions = ">=2.7, !=3.0.*, !=3.1.*, !=3.2.*, !=3.3.*, !=3.4.*"
files = [
    {file = "py-1.11.0-py2.py3-none-any.whl", hash = "sha256:607c53218732647dff4acdfcd50cb62615cedf612e72d1724fb1a0cc6405b378"},
    {file = "py-1.11.0.tar.gz", hash = "sha256:51c75c4126074b472f746a24399ad32f6053d1b34b68d2fa41e558e6f4a98719"},
]

[[package]]
name = "pyshark"
version = "0.5.3"
description = "Python wrapper for tshark, allowing python packet parsing using wireshark dissectors"
category = "main"
optional = false
python-versions = "*"
files = [
    {file = "pyshark-0.5.3-py3-none-any.whl", hash = "sha256:41bc2781066715a00198a00074bf659222822cbe74f36ea88663386aa7d9aa2b"},
    {file = "pyshark-0.5.3.tar.gz", hash = "sha256:41f015d803d648a1e655d7dba8a7635129dc0403bb887b3c9bdef1d6b09d9882"},
]

[package.dependencies]
appdirs = "*"
lxml = "*"
packaging = "*"
py = "*"

[[package]]
name = "python3-nmap"
version = "1.6.0"
description = "Python3-nmap converts Nmap commands into python3 methods making it very easy to use nmap in any of your python pentesting projects"
category = "main"
optional = false
python-versions = ">=3.6"
files = [
    {file = "python3-nmap-1.6.0.tar.gz", hash = "sha256:892b5091cde429fabfb8ba63382b2db8fd795193ba147558d0a7d5534c956255"},
    {file = "python3_nmap-1.6.0-py3-none-any.whl", hash = "sha256:ef7e0121bb943bbfd3bd42238e64790e9f39d46c98374dd5a067283d3c1dd26a"},
]

[package.dependencies]
simplejson = "*"

[[package]]
name = "pyusb"
version = "1.2.1"
description = "Python USB access module"
category = "main"
optional = false
python-versions = ">=3.6.0"
files = [
    {file = "pyusb-1.2.1-py3-none-any.whl", hash = "sha256:2b4c7cb86dbadf044dfb9d3a4ff69fd217013dbe78a792177a3feb172449ea36"},
    {file = "pyusb-1.2.1.tar.gz", hash = "sha256:a4cc7404a203144754164b8b40994e2849fde1cfff06b08492f12fff9d9de7b9"},
]

[[package]]
name = "scapy"
version = "2.5.0"
description = "Scapy: interactive packet manipulation tool"
category = "main"
optional = false
python-versions = ">=2.7, !=3.0.*, !=3.1.*, !=3.2.*, !=3.3.*, <4"
files = [
    {file = "scapy-2.5.0.tar.gz", hash = "sha256:5b260c2b754fd8d409ba83ee7aee294ecdbb2c235f9f78fe90bc11cb6e5debc2"},
]

[package.extras]
basic = ["ipython"]
complete = ["cryptography (>=2.0)", "ipython", "matplotlib", "pyx"]
docs = ["sphinx (>=3.0.0)", "sphinx_rtd_theme (>=0.4.3)", "tox (>=3.0.0)"]

[[package]]
name = "setuptools"
version = "67.3.1"
description = "Easily download, build, install, upgrade, and uninstall Python packages"
category = "main"
optional = false
python-versions = ">=3.7"
files = [
    {file = "setuptools-67.3.1-py3-none-any.whl", hash = "sha256:23c86b4e44432bfd8899384afc08872ec166a24f48a3f99f293b0a557e6a6b5d"},
    {file = "setuptools-67.3.1.tar.gz", hash = "sha256:daec07fd848d80676694d6bf69c009d28910aeece68a38dbe88b7e1bb6dba12e"},
]

[package.extras]
docs = ["furo", "jaraco.packaging (>=9)", "jaraco.tidelift (>=1.4)", "pygments-github-lexers (==0.0.5)", "rst.linker (>=1.9)", "sphinx (>=3.5)", "sphinx-favicon", "sphinx-hoverxref (<2)", "sphinx-inline-tabs", "sphinx-lint", "sphinx-notfound-page (==0.8.3)", "sphinx-reredirects", "sphinxcontrib-towncrier"]
testing = ["build[virtualenv]", "filelock (>=3.4.0)", "flake8 (<5)", "flake8-2020", "ini2toml[lite] (>=0.9)", "jaraco.envs (>=2.2)", "jaraco.path (>=3.2.0)", "pip (>=19.1)", "pip-run (>=8.8)", "pytest (>=6)", "pytest-black (>=0.3.7)", "pytest-checkdocs (>=2.4)", "pytest-cov", "pytest-enabler (>=1.3)", "pytest-flake8", "pytest-mypy (>=0.9.1)", "pytest-perf", "pytest-timeout", "pytest-xdist", "tomli-w (>=1.0.0)", "virtualenv (>=13.0.0)", "wheel"]
testing-integration = ["build[virtualenv]", "filelock (>=3.4.0)", "jaraco.envs (>=2.2)", "jaraco.path (>=3.2.0)", "pytest", "pytest-enabler", "pytest-xdist", "tomli", "virtualenv (>=13.0.0)", "wheel"]

[[package]]
name = "simplejson"
version = "3.18.3"
description = "Simple, fast, extensible JSON encoder/decoder for Python"
category = "main"
optional = false
python-versions = ">=2.5, !=3.0.*, !=3.1.*, !=3.2.*"
files = [
    {file = "simplejson-3.18.3-cp27-cp27m-macosx_10_9_x86_64.whl", hash = "sha256:50f4b6d52f3a2d1cffd11834a1fe7f9516f0e3f20cbe78027aa88ff990fad7d6"},
    {file = "simplejson-3.18.3-cp27-cp27m-manylinux1_i686.whl", hash = "sha256:169c2c7446ef33439c304a6aa5b7b5a2dbc938c9c2dd882dd3f2553f9518ebf6"},
    {file = "simplejson-3.18.3-cp27-cp27m-manylinux1_x86_64.whl", hash = "sha256:56f186d44a9f625b5e5d9ba4b9551e263604000a7df60cb373b3e789ca603b2a"},
    {file = "simplejson-3.18.3-cp27-cp27m-manylinux2010_i686.whl", hash = "sha256:cf7168b2046db0eceb83d8ed2ee31c0847ce18b2d8baf3e93de9560f3921a8c3"},
    {file = "simplejson-3.18.3-cp27-cp27m-manylinux2010_x86_64.whl", hash = "sha256:55df3dfd8777bf134e1078d2f195352432a77f23ccb90b92b08218123d56adc9"},
    {file = "simplejson-3.18.3-cp27-cp27mu-manylinux1_i686.whl", hash = "sha256:6b997739fdbc9b7030ff490fc8e5f8c144b8ec80f3605eff643983672bb8cfde"},
    {file = "simplejson-3.18.3-cp27-cp27mu-manylinux1_x86_64.whl", hash = "sha256:c98fddc374468158778a8afb3fd7296412a2b2fc34cebba64212ac3e018e7382"},
    {file = "simplejson-3.18.3-cp27-cp27mu-manylinux2010_i686.whl", hash = "sha256:55aa983575b0aef143845f5bfbb35075475eccaebf7d4b30f4037a2fe8414666"},
    {file = "simplejson-3.18.3-cp27-cp27mu-manylinux2010_x86_64.whl", hash = "sha256:1b79e2607ac5ba98381c2e068727acc1e4dd385a6d216914c0613f8f568a06a5"},
    {file = "simplejson-3.18.3-cp310-cp310-macosx_10_9_universal2.whl", hash = "sha256:b0352428b35da859a98770949e7353866ae65463026f1c8e4c89a6395d4b5fd7"},
    {file = "simplejson-3.18.3-cp310-cp310-macosx_10_9_x86_64.whl", hash = "sha256:eb81cfef0c0039010f0212f4e5eb6909641b8a54c761584054ac97fd7bd0c21a"},
    {file = "simplejson-3.18.3-cp310-cp310-macosx_11_0_arm64.whl", hash = "sha256:e762e9d8556fa9f3a99f8a278eeba50a35b5f554b82deeb282ddbdd85816e638"},
    {file = "simplejson-3.18.3-cp310-cp310-manylinux_2_17_aarch64.manylinux2014_aarch64.whl", hash = "sha256:fc8df5831b645e96a318ea51a66ce6e2bb869eebc3fa9a860bbf67aecd270055"},
    {file = "simplejson-3.18.3-cp310-cp310-manylinux_2_5_i686.manylinux1_i686.manylinux_2_17_i686.manylinux2014_i686.whl", hash = "sha256:14b35fb90083218e59df5dba733c7086655f2938f3fcabe36ad849623941d660"},
    {file = "simplejson-3.18.3-cp310-cp310-manylinux_2_5_x86_64.manylinux1_x86_64.manylinux_2_17_x86_64.manylinux2014_x86_64.whl", hash = "sha256:f89f078114cacedb9a3392615cc099cf02a51efa7507f90e2006bf7ec38c880d"},
    {file = "simplejson-3.18.3-cp310-cp310-musllinux_1_1_aarch64.whl", hash = "sha256:a2960b95f3ba822d077d1afa7e1fea9799cfb2990028cf010e666f64195ecb5a"},
    {file = "simplejson-3.18.3-cp310-cp310-musllinux_1_1_i686.whl", hash = "sha256:96ade36640734b54176c4765d00a60767bd7fae5b7a5b3574accc055ac18e34c"},
    {file = "simplejson-3.18.3-cp310-cp310-musllinux_1_1_x86_64.whl", hash = "sha256:6c4c56c5abb82e22877b913186e5c0fd7d9eef0c930719e28fa451d3f11defb4"},
    {file = "simplejson-3.18.3-cp310-cp310-win32.whl", hash = "sha256:8209c40279ed9b2cd5fbe2d617a29a074e90ea97fce7c07a0128a01cb3e8afc5"},
    {file = "simplejson-3.18.3-cp310-cp310-win_amd64.whl", hash = "sha256:6a49665169c18f27a0fc10935466332ee7406ee14ced8dc0a1b4d465547299aa"},
    {file = "simplejson-3.18.3-cp311-cp311-macosx_10_9_universal2.whl", hash = "sha256:508342d7227ed66beecfbba7a38b46e1a713faeb034216f43f03ec5c175e0622"},
    {file = "simplejson-3.18.3-cp311-cp311-macosx_10_9_x86_64.whl", hash = "sha256:070ab073ce72f1624107dfd6d095c87ac32aafe7ba54a5c5055a3dd83cb06e51"},
    {file = "simplejson-3.18.3-cp311-cp311-macosx_11_0_arm64.whl", hash = "sha256:88f59a07873dc1f06fd9e6712dd71286f1b297a066ad2fd9110ad080d3cb011c"},
    {file = "simplejson-3.18.3-cp311-cp311-manylinux_2_17_aarch64.manylinux2014_aarch64.whl", hash = "sha256:5780e3929435a8d39671537174f8ce0ccafb4f6e0c748ffe139916ffbdca39d3"},
    {file = "simplejson-3.18.3-cp311-cp311-manylinux_2_5_i686.manylinux1_i686.manylinux_2_17_i686.manylinux2014_i686.whl", hash = "sha256:2be75f4cb9951efeb2616e16f944ee4f9a09768475a3f5c40a6ac4dc5ee68dfd"},
    {file = "simplejson-3.18.3-cp311-cp311-manylinux_2_5_x86_64.manylinux1_x86_64.manylinux_2_17_x86_64.manylinux2014_x86_64.whl", hash = "sha256:1e49c84df6e71e3c23169d3df481565dd607cbee4aa1e0af15c493cccad7c745"},
    {file = "simplejson-3.18.3-cp311-cp311-musllinux_1_1_aarch64.whl", hash = "sha256:ab5bdf0b8d07f7fd603b2d0c1982412cd9f8ade997088ddced251f7e656c7fd4"},
    {file = "simplejson-3.18.3-cp311-cp311-musllinux_1_1_i686.whl", hash = "sha256:141782a0a25c1792627575b37b4951583358ccc7137623aa45947f8425ee8d96"},
    {file = "simplejson-3.18.3-cp311-cp311-musllinux_1_1_x86_64.whl", hash = "sha256:24823364fee93bab141621b3a2e10612e31be7ca58788bf9b2cd2b1ce37ab07d"},
    {file = "simplejson-3.18.3-cp311-cp311-win32.whl", hash = "sha256:f73bae5e315adf7bc8cb7f0a13a1e9e33bead42e8ce174be83ac9ecc2513c86a"},
    {file = "simplejson-3.18.3-cp311-cp311-win_amd64.whl", hash = "sha256:063db62a9251e61ea0c17e49c3e7bed465bfcc5359655abcb8c0bc6130a4e0d4"},
    {file = "simplejson-3.18.3-cp36-cp36m-macosx_10_9_x86_64.whl", hash = "sha256:3bab9ea49ff477c926c5787f79ec47cf51c7ffb15c9d8dd0f09e728807d44f4b"},
    {file = "simplejson-3.18.3-cp36-cp36m-manylinux_2_17_aarch64.manylinux2014_aarch64.whl", hash = "sha256:9cf299fbb7d476676dfea372a3262654af98694bd1df35b060ce0fe1b68087f1"},
    {file = "simplejson-3.18.3-cp36-cp36m-manylinux_2_5_i686.manylinux1_i686.manylinux_2_17_i686.manylinux2014_i686.whl", hash = "sha256:62628ea5df8c830d00a7417d5ecd949a1b24a8d0a5063a2a77f7ec7522110a0f"},
    {file = "simplejson-3.18.3-cp36-cp36m-manylinux_2_5_x86_64.manylinux1_x86_64.manylinux_2_17_x86_64.manylinux2014_x86_64.whl", hash = "sha256:7ff65b475091084e5bdb7f26e9c555956be7355b573ce494fa96f9f8e34541ac"},
    {file = "simplejson-3.18.3-cp36-cp36m-musllinux_1_1_aarch64.whl", hash = "sha256:2b0f6de11f5ce4b80f51bc49d08b898602e190547f8efe4e44af8ae3cda7779d"},
    {file = "simplejson-3.18.3-cp36-cp36m-musllinux_1_1_i686.whl", hash = "sha256:d990ea42ba908cb57a3df97d283aa26c1822f10a0a60e250b54ee21cd08c48d0"},
    {file = "simplejson-3.18.3-cp36-cp36m-musllinux_1_1_x86_64.whl", hash = "sha256:2c7ee643ee93684bf76196e2d84a2090c6df8f01737a016e869b579593827b6e"},
    {file = "simplejson-3.18.3-cp36-cp36m-win32.whl", hash = "sha256:0e7c3fae6c9540064e06a653780b4f263675cd69ca6841345029fee3e27e9bb5"},
    {file = "simplejson-3.18.3-cp36-cp36m-win_amd64.whl", hash = "sha256:0baf8c60efef74944ed4adb034d14bcf737731576f0e4c3c56fb875ea256af69"},
    {file = "simplejson-3.18.3-cp37-cp37m-macosx_10_9_x86_64.whl", hash = "sha256:52465a5578cfc2c5e374a574df14dfb75e04c6cb6a100b7abc8bf6c89bea8f5e"},
    {file = "simplejson-3.18.3-cp37-cp37m-manylinux_2_17_aarch64.manylinux2014_aarch64.whl", hash = "sha256:6fe1173b4146641c872bafa6f9a21f3a2012f502d54fbb523a76e6320024fae9"},
    {file = "simplejson-3.18.3-cp37-cp37m-manylinux_2_5_i686.manylinux1_i686.manylinux_2_17_i686.manylinux2014_i686.whl", hash = "sha256:23fce984045804194f513a2739dcd82be350198470d5ade5058da019a48cf3f8"},
    {file = "simplejson-3.18.3-cp37-cp37m-manylinux_2_5_x86_64.manylinux1_x86_64.manylinux_2_17_x86_64.manylinux2014_x86_64.whl", hash = "sha256:aad323e92cb1bd3b1db6f57c007dca964d13c52247ad844203ce381e94066601"},
    {file = "simplejson-3.18.3-cp37-cp37m-musllinux_1_1_aarch64.whl", hash = "sha256:7c26fe63755ecc59c502ddde8e58ce8b765bf4fdd3f5858d2b7c8ab28bc2a9c8"},
    {file = "simplejson-3.18.3-cp37-cp37m-musllinux_1_1_i686.whl", hash = "sha256:502d86fbfe914263642479b87ed61af3b27b9e039df77acd2416cfccfc892e68"},
    {file = "simplejson-3.18.3-cp37-cp37m-musllinux_1_1_x86_64.whl", hash = "sha256:44d6c52d4f5c0c087a6e88a92bf9f94234321d21be32c6471ba39856e304bbe3"},
    {file = "simplejson-3.18.3-cp37-cp37m-win32.whl", hash = "sha256:2a1b3222bc8f6ac91b5ebe3263111c7dc4dc4b01c52f0153f5bb1f3ef3bf0023"},
    {file = "simplejson-3.18.3-cp37-cp37m-win_amd64.whl", hash = "sha256:1907d49d70c75530976119c13785db91168d2599288debaca7d25da9cd2f3747"},
    {file = "simplejson-3.18.3-cp38-cp38-macosx_10_9_universal2.whl", hash = "sha256:04a4b9a297cccbc9e1d66fe652fbffd55b36d6579c43132e821d315957302194"},
    {file = "simplejson-3.18.3-cp38-cp38-macosx_10_9_x86_64.whl", hash = "sha256:16cc750d19852fa5ebafd55da86fa357f87991e07b4e2afb37a5975dfdde0153"},
    {file = "simplejson-3.18.3-cp38-cp38-macosx_11_0_arm64.whl", hash = "sha256:290bbcdcbb37af3f7e43378f592ab7a9168fca640da6af63d42cdb535f96bbf2"},
    {file = "simplejson-3.18.3-cp38-cp38-manylinux_2_17_aarch64.manylinux2014_aarch64.whl", hash = "sha256:694332fd6fd10fe8868c2508583220d1a1a7be9ff049dab5bd6b9aedfb9edc50"},
    {file = "simplejson-3.18.3-cp38-cp38-manylinux_2_5_i686.manylinux1_i686.manylinux_2_17_i686.manylinux2014_i686.whl", hash = "sha256:f9f72d2b539512f382a48cc9ad6cea2d3a572e71e92c40e03d2140041eeaa233"},
    {file = "simplejson-3.18.3-cp38-cp38-manylinux_2_5_x86_64.manylinux1_x86_64.manylinux_2_17_x86_64.manylinux2014_x86_64.whl", hash = "sha256:bcd9eac304a133ee4af58e68c5ded4c5ba663d3ee4602e8613359b776a1f8c8f"},
    {file = "simplejson-3.18.3-cp38-cp38-musllinux_1_1_aarch64.whl", hash = "sha256:cde5a3ff5e0bd5d6da676314dfae86c9e99bff77bca03d30223c9718a58f9e83"},
    {file = "simplejson-3.18.3-cp38-cp38-musllinux_1_1_i686.whl", hash = "sha256:099bbd3b5b4ea83159a980348cd481a34984dee5fe1b9fac31a9137158f46960"},
    {file = "simplejson-3.18.3-cp38-cp38-musllinux_1_1_x86_64.whl", hash = "sha256:4de9fed1166aeedee44150fa83bc059aca6b612940281f8b5a39374781f16196"},
    {file = "simplejson-3.18.3-cp38-cp38-win32.whl", hash = "sha256:59a629240cfbc5b4f390a8578dca74ae77ab617de971862acb946822d2eb1b11"},
    {file = "simplejson-3.18.3-cp38-cp38-win_amd64.whl", hash = "sha256:5b009342e712026ffabe8a471d5b4a4ff2a038687387e74eae601574c04dae33"},
    {file = "simplejson-3.18.3-cp39-cp39-macosx_10_9_universal2.whl", hash = "sha256:6bd81d10cb3384f64242316da8a2b2f88618776bc1ef38bcc79f1afe8ad36616"},
    {file = "simplejson-3.18.3-cp39-cp39-macosx_10_9_x86_64.whl", hash = "sha256:c3b696770b504f881f271f97b94a687487ec1ef20bfbd5f20d92bbab7a85952d"},
    {file = "simplejson-3.18.3-cp39-cp39-macosx_11_0_arm64.whl", hash = "sha256:75eb555dc349d0cbe2c95ea2be665b306c6ac6d5b64e3a3920af9b805ecdb5f7"},
    {file = "simplejson-3.18.3-cp39-cp39-manylinux_2_17_aarch64.manylinux2014_aarch64.whl", hash = "sha256:d774782159347d66563cd7ac18b9dd37010438a825160cde4818caa18110a746"},
    {file = "simplejson-3.18.3-cp39-cp39-manylinux_2_5_i686.manylinux1_i686.manylinux_2_17_i686.manylinux2014_i686.whl", hash = "sha256:b2c4e8b65987f3c6529149495d28e23efe213e94dc3659176c4ab22d18a9ee4a"},
    {file = "simplejson-3.18.3-cp39-cp39-manylinux_2_5_x86_64.manylinux1_x86_64.manylinux_2_17_x86_64.manylinux2014_x86_64.whl", hash = "sha256:e8a4750e8db92109e6f1f7783a7faae4254d6d5dc28a41ff7eff7d2265f0586b"},
    {file = "simplejson-3.18.3-cp39-cp39-musllinux_1_1_aarch64.whl", hash = "sha256:4b8d4d958c5ab3489d1174917a7fad82da642560c39ce559a624e63deaaa36b1"},
    {file = "simplejson-3.18.3-cp39-cp39-musllinux_1_1_i686.whl", hash = "sha256:efa70fd9b6c7b57b048ecadb909683acd535cddebc5b22f3c05ba3b369739caf"},
    {file = "simplejson-3.18.3-cp39-cp39-musllinux_1_1_x86_64.whl", hash = "sha256:7e73d9d6af3c29b60a92e28b3144d951110f59a3d05fc402c3f6c5248b883400"},
    {file = "simplejson-3.18.3-cp39-cp39-win32.whl", hash = "sha256:a80bd9a3db88a76a401155c64e3499376c702307c2206cb381cc2a8dd9cc4f1f"},
    {file = "simplejson-3.18.3-cp39-cp39-win_amd64.whl", hash = "sha256:c4514675f6571da8190fea52a110bca686fa844972e8b2b3bc07ace9e632ee4f"},
    {file = "simplejson-3.18.3-py3-none-any.whl", hash = "sha256:37bdef13412c0bc338db2993a38f3911d5bd2a0ba8d00b3bc66d1063edd7c33e"},
    {file = "simplejson-3.18.3.tar.gz", hash = "sha256:ebb53837c5ffcb6100646018565d3f1afed6f4b185b14b2c9cbccf874fe40157"},
]

[[package]]
name = "tomli"
version = "2.0.1"
description = "A lil' TOML parser"
category = "main"
optional = false
python-versions = ">=3.7"
files = [
    {file = "tomli-2.0.1-py3-none-any.whl", hash = "sha256:939de3e7a6161af0c887ef91b7d41a53e7c5a1ca976325f429cb46ea9bc30ecc"},
    {file = "tomli-2.0.1.tar.gz", hash = "sha256:de526c12914f0c550d15924c62d72abc48d6fe7364aa87328337a31007fe8a4f"},
]

[[package]]
name = "zipp"
version = "3.13.0"
description = "Backport of pathlib-compatible object wrapper for zip files"
category = "main"
optional = false
python-versions = ">=3.7"
files = [
    {file = "zipp-3.13.0-py3-none-any.whl", hash = "sha256:e8b2a36ea17df80ffe9e2c4fda3f693c3dad6df1697d3cd3af232db680950b0b"},
    {file = "zipp-3.13.0.tar.gz", hash = "sha256:23f70e964bc11a34cef175bc90ba2914e1e4545ea1e3e2f67c079671883f9cb6"},
]

[package.extras]
docs = ["furo", "jaraco.packaging (>=9)", "jaraco.tidelift (>=1.4)", "rst.linker (>=1.9)", "sphinx (>=3.5)", "sphinx-lint"]
testing = ["flake8 (<5)", "func-timeout", "jaraco.functools", "jaraco.itertools", "more-itertools", "pytest (>=6)", "pytest-black (>=0.3.7)", "pytest-checkdocs (>=2.4)", "pytest-cov", "pytest-enabler (>=1.3)", "pytest-flake8", "pytest-mypy (>=0.9.1)"]

[metadata]
lock-version = "2.0"
python-versions = "^3.10"
content-hash = "9917f2b73dd507624dd6d13905111dfb35f6da8db04e66232c951354c3a2442f"
